
Microsoft Visual Studio Solution File, Format Version 12.00
# Visual Studio 15
VisualStudioVersion = 15.0.28307.757
MinimumVisualStudioVersion = 10.0.40219.1
Project("{FAE04EC0-301F-11D3-BF4B-00C04F79EFBC}") = "GADE_Task_1", "GADE_Task_1\GADE_Task_1.csproj", "{BEDBAD0C-3396-4165-928C-D703F24705E9}"
EndProject
Global
	GlobalSection(SolutionConfigurationPlatforms) = preSolution
		Debug|Any CPU = Debug|Any CPU
		Release|Any CPU = Release|Any CPU
	EndGlobalSection
	GlobalSection(ProjectConfigurationPlatforms) = postSolution
		{BEDBAD0C-3396-4165-928C-D703F24705E9}.Debug|Any CPU.ActiveCfg = Debug|Any CPU
		{BEDBAD0C-3396-4165-928C-D703F24705E9}.Debug|Any CPU.Build.0 = Debug|Any CPU
		{BEDBAD0C-3396-4165-928C-D703F24705E9}.Release|Any CPU.ActiveCfg = Release|Any CPU
		{BEDBAD0C-3396-4165-928C-D703F24705E9}.Release|Any CPU.Build.0 = Release|Any CPU
	EndGlobalSection
	GlobalSection(SolutionProperties) = preSolution
		HideSolutionNode = FALSE
	EndGlobalSection
	GlobalSection(ExtensibilityGlobals) = postSolution
		SolutionGuid = {98BD9EFB-560D-4BB6-BC57-3CC97B4072BB}
	EndGlobalSection
EndGlobal
